# This file is generated by running "yarn install" inside your project.
# Manual changes might be lost - proceed with caution!

__metadata:
  version: 8
  cacheKey: 10c0

"@adventure/core@workspace:*, @adventure/core@workspace:code/core":
  version: 0.0.0-use.local
  resolution: "@adventure/core@workspace:code/core"
  dependencies:
    "@adventure/models": "workspace:*"
    "@types/node": "npm:^20.12.12"
    obs-websocket-js: "npm:^5.0.5"
    typescript: "npm:^5.4.5"
  languageName: unknown
  linkType: soft

"@adventure/models@workspace:*, @adventure/models@workspace:code/models":
  version: 0.0.0-use.local
  resolution: "@adventure/models@workspace:code/models"
  dependencies:
    "@types/node": "npm:^20.12.12"
    typescript: "npm:^5.4.5"
  languageName: unknown
  linkType: soft

"@adventure/socket@workspace:code/socket":
  version: 0.0.0-use.local
  resolution: "@adventure/socket@workspace:code/socket"
  dependencies:
    "@adventure/core": "workspace:*"
    "@adventure/models": "workspace:*"
    "@types/node": "npm:^20.12.12"
    typescript: "npm:^5.4.5"
  languageName: unknown
  linkType: soft

"@msgpack/msgpack@npm:^2.7.1":
  version: 2.8.0
  resolution: "@msgpack/msgpack@npm:2.8.0"
  checksum: 10c0/5964ed3daad9ccf314238da81c91152dc693bca167b2469445c1d3ce0495443612e543d052281061a91ec48ed44a6a49dd3a334b5d0dbe2dc2db6ea6143e5787
  languageName: node
  linkType: hard

"@types/node@npm:^20.12.12":
  version: 20.12.12
  resolution: "@types/node@npm:20.12.12"
  dependencies:
    undici-types: "npm:~5.26.4"
  checksum: 10c0/f374b763c744e8f16e4f38cf6e2c0eef31781ec9228c9e43a6f267880fea420fab0a238b59f10a7cb3444e49547c5e3785787e371fc242307310995b21988812
  languageName: node
  linkType: hard

"crypto-js@npm:^4.1.1":
  version: 4.2.0
  resolution: "crypto-js@npm:4.2.0"
  checksum: 10c0/8fbdf9d56f47aea0794ab87b0eb9833baf80b01a7c5c1b0edc7faf25f662fb69ab18dc2199e2afcac54670ff0cd9607a9045a3f7a80336cccd18d77a55b9fdf0
  languageName: node
  linkType: hard

"debug@npm:^4.3.2":
  version: 4.3.4
  resolution: "debug@npm:4.3.4"
  dependencies:
    ms: "npm:2.1.2"
  peerDependenciesMeta:
    supports-color:
      optional: true
  checksum: 10c0/cedbec45298dd5c501d01b92b119cd3faebe5438c3917ff11ae1bff86a6c722930ac9c8659792824013168ba6db7c4668225d845c633fbdafbbf902a6389f736
  languageName: node
  linkType: hard

"eventemitter3@npm:^5.0.1":
  version: 5.0.1
  resolution: "eventemitter3@npm:5.0.1"
  checksum: 10c0/4ba5c00c506e6c786b4d6262cfbce90ddc14c10d4667e5c83ae993c9de88aa856033994dd2b35b83e8dc1170e224e66a319fa80adc4c32adcd2379bbc75da814
  languageName: node
  linkType: hard

"isomorphic-ws@npm:^5.0.0":
  version: 5.0.0
  resolution: "isomorphic-ws@npm:5.0.0"
  peerDependencies:
    ws: "*"
  checksum: 10c0/a058ac8b5e6efe9e46252cb0bc67fd325005d7216451d1a51238bc62d7da8486f828ef017df54ddf742e0fffcbe4b1bcc2a66cc115b027ed0180334cd18df252
  languageName: node
  linkType: hard

"ms@npm:2.1.2":
  version: 2.1.2
  resolution: "ms@npm:2.1.2"
  checksum: 10c0/a437714e2f90dbf881b5191d35a6db792efbca5badf112f87b9e1c712aace4b4b9b742dd6537f3edf90fd6f684de897cec230abde57e87883766712ddda297cc
  languageName: node
  linkType: hard

"obs-remote-hook@workspace:.":
  version: 0.0.0-use.local
  resolution: "obs-remote-hook@workspace:."
  languageName: unknown
  linkType: soft

"obs-websocket-js@npm:^5.0.5":
  version: 5.0.5
  resolution: "obs-websocket-js@npm:5.0.5"
  dependencies:
    "@msgpack/msgpack": "npm:^2.7.1"
    crypto-js: "npm:^4.1.1"
    debug: "npm:^4.3.2"
    eventemitter3: "npm:^5.0.1"
    isomorphic-ws: "npm:^5.0.0"
    type-fest: "npm:^3.11.0"
    ws: "npm:^8.13.0"
  checksum: 10c0/3dd4c4ac3580686fe3981bfc0f7aa1d7e0c1235949d73ab6f3317a11d5b209cd54a5b534b639d49edfadebbf30c3ed377fa3251d65cab4089fdf3e29edfa2270
  languageName: node
  linkType: hard

"type-fest@npm:^3.11.0":
  version: 3.13.1
  resolution: "type-fest@npm:3.13.1"
  checksum: 10c0/547d22186f73a8c04590b70dcf63baff390078c75ea8acd366bbd510fd0646e348bd1970e47ecf795b7cff0b41d26e9c475c1fedd6ef5c45c82075fbf916b629
  languageName: node
  linkType: hard

"typescript@npm:^5.4.5":
  version: 5.4.5
  resolution: "typescript@npm:5.4.5"
  bin:
    tsc: bin/tsc
    tsserver: bin/tsserver
  checksum: 10c0/2954022ada340fd3d6a9e2b8e534f65d57c92d5f3989a263754a78aba549f7e6529acc1921913560a4b816c46dce7df4a4d29f9f11a3dc0d4213bb76d043251e
  languageName: node
  linkType: hard

"typescript@patch:typescript@npm%3A^5.4.5#optional!builtin<compat/typescript>":
  version: 5.4.5
  resolution: "typescript@patch:typescript@npm%3A5.4.5#optional!builtin<compat/typescript>::version=5.4.5&hash=5adc0c"
  bin:
    tsc: bin/tsc
    tsserver: bin/tsserver
  checksum: 10c0/db2ad2a16ca829f50427eeb1da155e7a45e598eec7b086d8b4e8ba44e5a235f758e606d681c66992230d3fc3b8995865e5fd0b22a2c95486d0b3200f83072ec9
  languageName: node
  linkType: hard

"undici-types@npm:~5.26.4":
  version: 5.26.5
  resolution: "undici-types@npm:5.26.5"
  checksum: 10c0/bb673d7876c2d411b6eb6c560e0c571eef4a01c1c19925175d16e3a30c4c428181fb8d7ae802a261f283e4166a0ac435e2f505743aa9e45d893f9a3df017b501
  languageName: node
  linkType: hard

"ws@npm:^8.13.0":
  version: 8.17.0
  resolution: "ws@npm:8.17.0"
  peerDependencies:
    bufferutil: ^4.0.1
    utf-8-validate: ">=5.0.2"
  peerDependenciesMeta:
    bufferutil:
      optional: true
    utf-8-validate:
      optional: true
  checksum: 10c0/55241ec93a66fdfc4bf4f8bc66c8eb038fda2c7a4ee8f6f157f2ca7dc7aa76aea0c0da0bf3adb2af390074a70a0e45456a2eaf80e581e630b75df10a64b0a990
  languageName: node
  linkType: hard
